
Microsoft Visual Studio Solution File, Format Version 12.00
# Visual Studio 15
VisualStudioVersion = 15.0.28307.1831
MinimumVisualStudioVersion = 10.0.40219.1
Project("{FAE04EC0-301F-11D3-BF4B-00C04F79EFBC}") = "Registro_Familiar", "Registro_Familiar\Registro_Familiar.csproj", "{EC028BD5-AC93-4B0B-8E20-690769F57F93}"
EndProject
Project("{FAE04EC0-301F-11D3-BF4B-00C04F79EFBC}") = "DataManager", "DataManager\DataManager.csproj", "{302941B1-2732-4659-B981-38F8FB1B6265}"
EndProject
Project("{FAE04EC0-301F-11D3-BF4B-00C04F79EFBC}") = "DataSource", "DataSource\DataSource.csproj", "{200ADF30-6FE3-4ADD-A26A-1512962FFA21}"
EndProject
Project("{FAE04EC0-301F-11D3-BF4B-00C04F79EFBC}") = "SessionManager", "SessionManager\SessionManager.csproj", "{6E84378F-E2DF-47DE-90F9-43A55FA47E1E}"
EndProject
Project("{FAE04EC0-301F-11D3-BF4B-00C04F79EFBC}") = "General", "General\General.csproj", "{F37723C2-CD38-4EBB-8051-F21B942A37D0}"
EndProject
Global
	GlobalSection(SolutionConfigurationPlatforms) = preSolution
		Debug|Any CPU = Debug|Any CPU
		Release|Any CPU = Release|Any CPU
	EndGlobalSection
	GlobalSection(ProjectConfigurationPlatforms) = postSolution
		{EC028BD5-AC93-4B0B-8E20-690769F57F93}.Debug|Any CPU.ActiveCfg = Debug|Any CPU
		{EC028BD5-AC93-4B0B-8E20-690769F57F93}.Debug|Any CPU.Build.0 = Debug|Any CPU
		{EC028BD5-AC93-4B0B-8E20-690769F57F93}.Release|Any CPU.ActiveCfg = Release|Any CPU
		{EC028BD5-AC93-4B0B-8E20-690769F57F93}.Release|Any CPU.Build.0 = Release|Any CPU
		{302941B1-2732-4659-B981-38F8FB1B6265}.Debug|Any CPU.ActiveCfg = Debug|Any CPU
		{302941B1-2732-4659-B981-38F8FB1B6265}.Debug|Any CPU.Build.0 = Debug|Any CPU
		{302941B1-2732-4659-B981-38F8FB1B6265}.Release|Any CPU.ActiveCfg = Release|Any CPU
		{302941B1-2732-4659-B981-38F8FB1B6265}.Release|Any CPU.Build.0 = Release|Any CPU
		{200ADF30-6FE3-4ADD-A26A-1512962FFA21}.Debug|Any CPU.ActiveCfg = Debug|Any CPU
		{200ADF30-6FE3-4ADD-A26A-1512962FFA21}.Debug|Any CPU.Build.0 = Debug|Any CPU
		{200ADF30-6FE3-4ADD-A26A-1512962FFA21}.Release|Any CPU.ActiveCfg = Release|Any CPU
		{200ADF30-6FE3-4ADD-A26A-1512962FFA21}.Release|Any CPU.Build.0 = Release|Any CPU
		{6E84378F-E2DF-47DE-90F9-43A55FA47E1E}.Debug|Any CPU.ActiveCfg = Debug|Any CPU
		{6E84378F-E2DF-47DE-90F9-43A55FA47E1E}.Debug|Any CPU.Build.0 = Debug|Any CPU
		{6E84378F-E2DF-47DE-90F9-43A55FA47E1E}.Release|Any CPU.ActiveCfg = Release|Any CPU
		{6E84378F-E2DF-47DE-90F9-43A55FA47E1E}.Release|Any CPU.Build.0 = Release|Any CPU
		{F37723C2-CD38-4EBB-8051-F21B942A37D0}.Debug|Any CPU.ActiveCfg = Debug|Any CPU
		{F37723C2-CD38-4EBB-8051-F21B942A37D0}.Debug|Any CPU.Build.0 = Debug|Any CPU
		{F37723C2-CD38-4EBB-8051-F21B942A37D0}.Release|Any CPU.ActiveCfg = Release|Any CPU
		{F37723C2-CD38-4EBB-8051-F21B942A37D0}.Release|Any CPU.Build.0 = Release|Any CPU
	EndGlobalSection
	GlobalSection(SolutionProperties) = preSolution
		HideSolutionNode = FALSE
	EndGlobalSection
	GlobalSection(ExtensibilityGlobals) = postSolution
		SolutionGuid = {CE0F3150-80F3-460C-BA09-B42C82658740}
	EndGlobalSection
EndGlobal
